lockfileVersion: '9.0'

settings:
  autoInstallPeers: true
  excludeLinksFromLockfile: false

catalogs:
  default:
    '@pothos/core':
      specifier: ^4.5.1
      version: 4.5.1
    '@types/node':
      specifier: ^22.13.14
      version: 22.13.14
    graphql:
      specifier: ^16.10.0
      version: 16.10.0
    graplix:
      specifier: ^0.1.2
      version: 0.1.2
    typescript:
      specifier: ^5.8.2
      version: 5.8.2

importers:

  .:
    devDependencies:
      '@biomejs/biome':
        specifier: ^2.0.0-beta.1
        version: 2.0.0-beta.1
      '@pothos/core':
        specifier: 'catalog:'
        version: 4.5.1(graphql@16.10.0)
      '@types/node':
        specifier: 'catalog:'
        version: 22.13.14
      graphql:
        specifier: 'catalog:'
        version: 16.10.0
      graplix:
        specifier: 'catalog:'
        version: 0.1.2
      lefthook:
        specifier: ^1.11.5
        version: 1.11.5
      publint:
        specifier: ^0.3.9
        version: 0.3.9
      tsdown:
        specifier: ^0.6.10
        version: 0.6.10(publint@0.3.9)(typescript@5.8.2)
      typescript:
        specifier: 'catalog:'
        version: 5.8.2

  example:
    dependencies:
      '@pothos/core':
        specifier: 'catalog:'
        version: 4.5.1(graphql@16.10.0)
      graphql:
        specifier: 'catalog:'
        version: 16.10.0
      graplix:
        specifier: 'catalog:'
        version: 0.1.2
      pothos-plugin-graplix:
        specifier: workspace:^
        version: link:..
    devDependencies:
      '@types/node':
        specifier: 'catalog:'
        version: 22.13.14
      typescript:
        specifier: 'catalog:'
        version: 5.8.2

packages:

  '@babel/code-frame@7.26.2':
    resolution: {integrity: sha512-RJlIHRueQgwWitWgF8OdFYGZX328Ax5BCemNGlqHfplnRT9ESi8JkFlvaVYbS+UubVY6dpv87Fs2u5M29iNFVQ==}
    engines: {node: '>=6.9.0'}

  '@babel/helper-validator-identifier@7.25.9':
    resolution: {integrity: sha512-Ed61U6XJc3CVRfkERJWDz4dJwKe7iLmmJsbOGu9wSloNSFttHV0I8g6UAgb7qnK5ly5bGLPd4oXZlxCdANBOWQ==}
    engines: {node: '>=6.9.0'}

  '@biomejs/biome@2.0.0-beta.1':
    resolution: {integrity: sha512-MqRoy9CbTkrS45zW+S4u8p4kQUIFx0mGUWi789W1R3b1kXYIudEqsTKgXKtTGsI0kWOlvnjuKqwTrabjaGchhQ==}
    engines: {node: '>=14.21.3'}
    hasBin: true

  '@biomejs/cli-darwin-arm64@2.0.0-beta.1':
    resolution: {integrity: sha512-RaGmpNLl5NFooXaoCwvgvcuU6Am/rMZ3R48pQeCVxjrCcz1BIlKLTai5UosiedazW7JbXAvgXdSNizYG7ITlAQ==}
    engines: {node: '>=14.21.3'}
    cpu: [arm64]
    os: [darwin]

  '@biomejs/cli-darwin-x64@2.0.0-beta.1':
    resolution: {integrity: sha512-sTzSshkne7HKZFNfiIhmAji7gjtCBXvkTujZELCZWIZC7oj1Tjw/gvAzbdFj2UyHd5/i90pND4ybFOLQZm9gpg==}
    engines: {node: '>=14.21.3'}
    cpu: [x64]
    os: [darwin]

  '@biomejs/cli-linux-arm64-musl@2.0.0-beta.1':
    resolution: {integrity: sha512-0MPUKzz9uBBxAYSJ+OlFi4+yGwiRcZeFqq39H0MxXCQ9MMpKJFH2Ek72fw8sXwG7Prn7EsW/3u1b7najyn1XGQ==}
    engines: {node: '>=14.21.3'}
    cpu: [arm64]
    os: [linux]

  '@biomejs/cli-linux-arm64@2.0.0-beta.1':
    resolution: {integrity: sha512-bxce2O4nooBmp20Ey0+IFIZyy/b0RVnciIQk9euCfAi9evq7SvFtMBYo3YUZej0KIvrau5H7tJk5OqmRJk2l+g==}
    engines: {node: '>=14.21.3'}
    cpu: [arm64]
    os: [linux]

  '@biomejs/cli-linux-x64-musl@2.0.0-beta.1':
    resolution: {integrity: sha512-dFvisnP1hFpVILNw0PZfs8piBwe8+aykO04Tb/4AJDVVzKkGgJfwSefwo4jqzO/Wk/Zruvhcp1nKbjgRXM+vDg==}
    engines: {node: '>=14.21.3'}
    cpu: [x64]
    os: [linux]

  '@biomejs/cli-linux-x64@2.0.0-beta.1':
    resolution: {integrity: sha512-6P/AtJv4hOH8mu8ez0c4UInUpiet9NEoF25+O7OPyb4w6ZHJMp2qzvayJS7TKrTQzE5KUvSiNsACGRz34DzUkg==}
    engines: {node: '>=14.21.3'}
    cpu: [x64]
    os: [linux]

  '@biomejs/cli-win32-arm64@2.0.0-beta.1':
    resolution: {integrity: sha512-0C9YSqWHf2cJGnjKDbLi49xv6H9IfqbDsFav7X557PqwY64O6IKWqcmZzi/PkDFHjQM9opU6uhKapeGKGDxziQ==}
    engines: {node: '>=14.21.3'}
    cpu: [arm64]
    os: [win32]

  '@biomejs/cli-win32-x64@2.0.0-beta.1':
    resolution: {integrity: sha512-o8W6+DX0YRjt1kS8Y3ismq6EkjwiVDv7X0TEpfnFywoVG8HoJ7G7/m9r8LM1yE46WI3maPH2A0MoVpQ1ZNG++A==}
    engines: {node: '>=14.21.3'}
    cpu: [x64]
    os: [win32]

  '@emnapi/core@1.4.0':
    resolution: {integrity: sha512-H+N/FqT07NmLmt6OFFtDfwe8PNygprzBikrEMyQfgqSmT0vzE515Pz7R8izwB9q/zsH/MA64AKoul3sA6/CzVg==}

  '@emnapi/runtime@1.4.0':
    resolution: {integrity: sha512-64WYIf4UYcdLnbKn/umDlNjQDSS8AgZrI/R9+x5ilkUVFxXcA1Ebl+gQLc/6mERA4407Xof0R7wEyEuj091CVw==}

  '@emnapi/wasi-threads@1.0.1':
    resolution: {integrity: sha512-iIBu7mwkq4UQGeMEM8bLwNK962nXdhodeScX4slfQnRhEMMzvYivHhutCIk8uojvmASXXPC2WNEjwxFWk72Oqw==}

  '@jridgewell/sourcemap-codec@1.5.0':
    resolution: {integrity: sha512-gv3ZRaISU3fjPAgNsriBRqGWQL6quFx04YMPW/zD8XMLsU32mhCCbfbO6KZFLjvYpCZ8zyDEgqsgf+PwPaM7GQ==}

  '@napi-rs/wasm-runtime@0.2.7':
    resolution: {integrity: sha512-5yximcFK5FNompXfJFoWanu5l8v1hNGqNHh9du1xETp9HWk/B/PzvchX55WYOPaIeNglG8++68AAiauBAtbnzw==}

  '@oxc-parser/binding-darwin-arm64@0.61.2':
    resolution: {integrity: sha512-xpDuwawMDCHg3plbSjpMbrhNTzO1AlvvHqsUOTE3WDmv5K7fFD72f3Pl+SxPJ4D/IhMdskec1B5ZfZHM1iAFmQ==}
    engines: {node: '>=14.0.0'}
    cpu: [arm64]
    os: [darwin]

  '@oxc-parser/binding-darwin-x64@0.61.2':
    resolution: {integrity: sha512-1zjghOALDDhg5mPJgQfoud/bLOxD3M9n8l2LxXK4NngxGh3xXq1K7vAs2dzDnwZI6FaStrrBMDJSocT2hggiLg==}
    engines: {node: '>=14.0.0'}
    cpu: [x64]
    os: [darwin]

  '@oxc-parser/binding-linux-arm-gnueabihf@0.61.2':
    resolution: {integrity: sha512-OppSdOE7BAHfx/hNbsS4tf+CPCEWEXeEB/4tJKcv6qysZKsTD6XXWUzn2F7KR7TFNSzA0hPjnZyezjFgo+xvcQ==}
    engines: {node: '>=14.0.0'}
    cpu: [arm]
    os: [linux]

  '@oxc-parser/binding-linux-arm64-gnu@0.61.2':
    resolution: {integrity: sha512-CqhKWDvVr4rZpi8Evh/K7FKwn9UnPhF0F0ivF+CsFCMOaS5egalmFRRybQk1QuwGq1XjTA3D8puqvlF0p82+ew==}
    engines: {node: '>=14.0.0'}
    cpu: [arm64]
    os: [linux]

  '@oxc-parser/binding-linux-arm64-musl@0.61.2':
    resolution: {integrity: sha512-wLtzWy6EyMf7F83pcJhanolaQ7xnwnVAj2wjdJ52qgX4oQjqZZUo6Rk/LE2iY8Aq/R2Bx2yREFeIC4R1kjtB0A==}
    engines: {node: '>=14.0.0'}
    cpu: [arm64]
    os: [linux]

  '@oxc-parser/binding-linux-x64-gnu@0.61.2':
    resolution: {integrity: sha512-aJ+g/pDcOeqfB2bVZkUjHlCBL8H7lsgkuYVGKKLYxN/oLjrt2Jf/BVu6fL3NxmSSaFmtHKowDgoRAjiKwxQWEQ==}
    engines: {node: '>=14.0.0'}
    cpu: [x64]
    os: [linux]

  '@oxc-parser/binding-linux-x64-musl@0.61.2':
    resolution: {integrity: sha512-PosnNyxTqCiMTgva5w695p3ooCcFU8tU+c+JnGgkBgD8pKTbV6fwn8dc4GlcgyyLaM1rD+zi/s+4ooTVML8iIA==}
    engines: {node: '>=14.0.0'}
    cpu: [x64]
    os: [linux]

  '@oxc-parser/binding-wasm32-wasi@0.61.2':
    resolution: {integrity: sha512-zOxdLDItMXeB1GdVCtOOW+aC+Ra6C4E1ivT4rbhaaVe70RsCRa2fGmNC0divvgfQsL2eGBkCuB4d4N9DjfhK4Q==}
    engines: {node: '>=14.0.0'}
    cpu: [wasm32]

  '@oxc-parser/binding-win32-arm64-msvc@0.61.2':
    resolution: {integrity: sha512-E7VMrb4XF748hyzIax2KV7TEfi27SfXoi/BH5guiBicSef/31qwHRdKCh708lmIYmbeEJ9D0wO/25K6dvTl8QQ==}
    engines: {node: '>=14.0.0'}
    cpu: [arm64]
    os: [win32]

  '@oxc-parser/binding-win32-x64-msvc@0.61.2':
    resolution: {integrity: sha512-GtRVVz4DGF94MzlJ7xCIpITu6WKYdTqWc2cqMaJEzYDC8EsHjNkfbGhmawhyodFFuTfWqPAjJecIvvAnfMLpxw==}
    engines: {node: '>=14.0.0'}
    cpu: [x64]
    os: [win32]

  '@oxc-project/types@0.61.2':
    resolution: {integrity: sha512-rfuwJwvwn9MRthHNXlSo9Eka/u7gC0MhnWAoX3BhE1+rwPOl22nq0K0Y997Hof0tHCOuD7H3/Z8HTfCVhB4c5Q==}

  '@oxc-resolver/binding-darwin-arm64@5.0.1':
    resolution: {integrity: sha512-lY5mi+6ztYGM9tiyMhHbzZteE7LFaexu9PjDL2N0stCNuGkSHO1eeeabi2ckxGWBbu9EW01XovbQqir12NbA6A==}
    cpu: [arm64]
    os: [darwin]

  '@oxc-resolver/binding-darwin-x64@5.0.1':
    resolution: {integrity: sha512-wHKdPB2Q0dMVQy6b5depG8IGI0Y37CIUTZYrZDYEGMT3X481DAJjp6AIVVHQeolEZzy+lWrpUQdGPy0dQnt7IA==}
    cpu: [x64]
    os: [darwin]

  '@oxc-resolver/binding-freebsd-x64@5.0.1':
    resolution: {integrity: sha512-TchNkHMASh2vZ2/FH71zqgAUNYuAlP8Bm1ocSnt7UVV43jZ9kG8HtQFc3AsYeVGzw06LZoeE3mVdSQVXUZhgzA==}
    cpu: [x64]
    os: [freebsd]

  '@oxc-resolver/binding-linux-arm-gnueabihf@5.0.1':
    resolution: {integrity: sha512-JhqYi6uTSYflXSDNG/ZPTvBUcvcPR+vr/09XLdWJpZfEYzpPEEr7YQ2ogiOfZVUmCZOJWVOP8jJdv735j46a5w==}
    cpu: [arm]
    os: [linux]

  '@oxc-resolver/binding-linux-arm64-gnu@5.0.1':
    resolution: {integrity: sha512-W2OXq25tYiFVhi0Eioc9b+KWnaK2Hj7x/eW2u6r6u4afd1cQ09U+o5u98jrj1rxowSOTfFyiKqMqQOrS4PAlFg==}
    cpu: [arm64]
    os: [linux]

  '@oxc-resolver/binding-linux-arm64-musl@5.0.1':
    resolution: {integrity: sha512-dYaXmy90L5fTpH0mWmWvsf5PC9me5Lyjcj5vOQYNVedSQUavGMbQ+sKOWOTAFIpS8xzzIhYRdLI7oj4WV9S2bQ==}
    cpu: [arm64]
    os: [linux]

  '@oxc-resolver/binding-linux-x64-gnu@5.0.1':
    resolution: {integrity: sha512-lOgcxgtV7nM4TjolWgW9qk05iDQE2GGZTx2Zr+Jj+4GqdIhkkGpbqyGPJx2FRsY6kXhyaA9eOad4Bldfo8vAaw==}
    cpu: [x64]
    os: [linux]

  '@oxc-resolver/binding-linux-x64-musl@5.0.1':
    resolution: {integrity: sha512-3Pg8eSolVs3hy3xoqkjCgoIC1uHKPAUY0rs4QX+KtsPMOZ7iO5b3JBbJHl+ZDIeuzE8dkSRG7aIuCNVonp5G1Q==}
    cpu: [x64]
    os: [linux]

  '@oxc-resolver/binding-wasm32-wasi@5.0.1':
    resolution: {integrity: sha512-rBEgV5AW5obb6ATeNUSUouW0FzpoADOweTYblprko+Cv6rW1NSQGzGxD6o6jhIk4yV7/CZBwBWAkz9xpL5JSUQ==}
    engines: {node: '>=14.0.0'}
    cpu: [wasm32]

  '@oxc-resolver/binding-win32-arm64-msvc@5.0.1':
    resolution: {integrity: sha512-okHg9C+z+2tCGKPszYVJDTZKhPHta7xKvhw0WMWPLTz9wbBMmHTuY9vVpgvFGhTU3N5iQ56LPollnSPtjvObCw==}
    cpu: [arm64]
    os: [win32]

  '@oxc-resolver/binding-win32-x64-msvc@5.0.1':
    resolution: {integrity: sha512-ODlCn4Pbd0HEWMixonax1uJtNCG4lEne6Jq98iUsmwSibQYcBzutxPed1qhLKur6KtCsYYa4LtRxys7e/5lZwQ==}
    cpu: [x64]
    os: [win32]

  '@oxc-transform/binding-darwin-arm64@0.61.2':
    resolution: {integrity: sha512-iIfSuRCS3FA7bCUwXtSkG62ux+OW53DvugFCuV81MxbGm1laE0j5ZAOY3QHdNyTmPIXolGRQEsyRVqtItGNipw==}
    engines: {node: '>=14.0.0'}
    cpu: [arm64]
    os: [darwin]

  '@oxc-transform/binding-darwin-x64@0.61.2':
    resolution: {integrity: sha512-oQ6xdMveATlerJM6Scz38vhlxjs3Rkwpfma/GItXZ46Gqm0SDMk6jJk9Wq3gmqfGUuFLEckzr0AmUzPH7EXQcg==}
    engines: {node: '>=14.0.0'}
    cpu: [x64]
    os: [darwin]

  '@oxc-transform/binding-linux-arm-gnueabihf@0.61.2':
    resolution: {integrity: sha512-FJVk3+S59YPklf0mTYT2VlJ69L877dUMnaEalDsOjWkDraC7BBj+HGRzfTwvdtkHJIOiiUHI4Qf7LYSCscxbSA==}
    engines: {node: '>=14.0.0'}
    cpu: [arm]
    os: [linux]

  '@oxc-transform/binding-linux-arm64-gnu@0.61.2':
    resolution: {integrity: sha512-6bCI6+qN42LUexGRO8bvTLypMgItjjMZmJEJ1nM83nMPeOZ4Ws/FvldNBjuLUHrdJawT3EdKLS8ouOmW+4NTYw==}
    engines: {node: '>=14.0.0'}
    cpu: [arm64]
    os: [linux]

  '@oxc-transform/binding-linux-arm64-musl@0.61.2':
    resolution: {integrity: sha512-fEE9h8zmr8jlZnFJn3XGExwVZJDIx9SGBtpVs5ZpwXvbYJvoLdWP8BBf1oGKQwHy0tOhEzux7PaoYfitaNqdqg==}
    engines: {node: '>=14.0.0'}
    cpu: [arm64]
    os: [linux]

  '@oxc-transform/binding-linux-x64-gnu@0.61.2':
    resolution: {integrity: sha512-oOUJwYv8L3Hf1f2uoAFP8UrqPCEq061DEhU+2DdcDqhgA7aMNz4vTGhTZWFsidlJcZ03gVWIyevRylUnKhSNxA==}
    engines: {node: '>=14.0.0'}
    cpu: [x64]
    os: [linux]

  '@oxc-transform/binding-linux-x64-musl@0.61.2':
    resolution: {integrity: sha512-YpLcnV+H/tecjU5JcjFVsVb9FJU2IFbodet2iCWghiA7Aitz8zPkP7LKYhWypkbeYeKMDmrrTDrbGm2k3wVofw==}
    engines: {node: '>=14.0.0'}
    cpu: [x64]
    os: [linux]

  '@oxc-transform/binding-wasm32-wasi@0.61.2':
    resolution: {integrity: sha512-9EYM95xU/8iE6aVGagTVP/gXkW9wMNLPCHUnVIqqMbYJbJnDZEcHgsZslNvXctjt9XFykNOF0TBrMSDuHiWzZw==}
    engines: {node: '>=14.0.0'}
    cpu: [wasm32]

  '@oxc-transform/binding-win32-arm64-msvc@0.61.2':
    resolution: {integrity: sha512-/PKdSYnfvDBWgQTmNfrQ62i31eengiwsXqJSSmfraYzfEm9/xoJaJci88C3YjjJ+PAv3gWtMiHY/hbjBiDoaKw==}
    engines: {node: '>=14.0.0'}
    cpu: [arm64]
    os: [win32]

  '@oxc-transform/binding-win32-x64-msvc@0.61.2':
    resolution: {integrity: sha512-r+UsmEAEXUPUYs9bQxc23w2Xm3r2gXSKxSy4Pu0v1S3BH5ShFv0YZw6jO9uuXLxiK/4q8jkrM1RAH2fIwuiF4Q==}
    engines: {node: '>=14.0.0'}
    cpu: [x64]
    os: [win32]

  '@pothos/core@4.5.1':
    resolution: {integrity: sha512-zGjgeKy9IWMtqW5lmYuRmxHJegM+O545cSVrcfLEj1i3eRX9ee8ae/2JQGjyN1N2Dd57MVoelr/aN/wjJcW/GA==}
    peerDependencies:
      graphql: '>=16.6.0'

  '@publint/pack@0.1.2':
    resolution: {integrity: sha512-S+9ANAvUmjutrshV4jZjaiG8XQyuJIZ8a4utWmN/vW1sgQ9IfBnPndwkmQYw53QmouOIytT874u65HEmu6H5jw==}
    engines: {node: '>=18'}

  '@quansync/fs@0.1.1':
    resolution: {integrity: sha512-sx8J1O/+j2lqs8MvsEz6rs/6UAUpCb4fu7C6EqtMqzbS3CmqLkTDTOMK+DrWukvyUuHzl8DhMjfNJzQDTqfGJg==}
    engines: {node: '>=20.18.0'}

  '@rolldown/binding-darwin-arm64@1.0.0-beta.7':
    resolution: {integrity: sha512-spVRMdG9NotVYfrc94W8zMKEqLFbxm/dzkBjTfKzXMqhyBryo1lwZ14o8xFb3lM/ON/ZUT7laR9y+r6SIUtFrg==}
    cpu: [arm64]
    os: [darwin]

  '@rolldown/binding-darwin-x64@1.0.0-beta.7':
    resolution: {integrity: sha512-6d6PicpBNLWJUyGO1b87QOBtQuqL1X9qVugi+kyGcChxW2bL87/CIBAJDu1g3mM62xSzxUitGa2YWRMhMJu2OA==}
    cpu: [x64]
    os: [darwin]

  '@rolldown/binding-freebsd-x64@1.0.0-beta.7':
    resolution: {integrity: sha512-RCKUAMUr1+F1wDSUmWUoGimCNAoQ9km5SRIEhrTlCOXe4wv+rY4o07cTaBjehBm+GtT+u0r36SW2gOmikivj9Q==}
    cpu: [x64]
    os: [freebsd]

  '@rolldown/binding-linux-arm-gnueabihf@1.0.0-beta.7':
    resolution: {integrity: sha512-SRGp4RaUC2oFZTDtLSRePWWE5F4C5vrlsr/a3+/mBlBVUdSrB7341hqAEcezW3YYHQOT/j9CPXu2NULENSywwQ==}
    cpu: [arm]
    os: [linux]

  '@rolldown/binding-linux-arm64-gnu@1.0.0-beta.7':
    resolution: {integrity: sha512-q6Szr5o54lJWir2uYxwxDoOUdSCrA2Nb8sKqQRnJHP9985o0uxeq85LKvMubFRgTKq9Q71ZZPrZBs7pwr4ji1Q==}
    cpu: [arm64]
    os: [linux]

  '@rolldown/binding-linux-arm64-musl@1.0.0-beta.7':
    resolution: {integrity: sha512-MiEE4ReEw7jdxKE8eKTdt3z7N1sucgSb1J0BUY3Dd8YKLjh2jNYHhJu13/tCo2DBMZxT+FDJE3WJ5kCxZA7+YA==}
    cpu: [arm64]
    os: [linux]

  '@rolldown/binding-linux-x64-gnu@1.0.0-beta.7':
    resolution: {integrity: sha512-2yDNUKQidgcZr/VSJCUy9IGvtcF/GfBEBrCsqvSkVKMNLNySICvybAwKtCNPeZSOwf875CWnnyKNeg5vwV6rMg==}
    cpu: [x64]
    os: [linux]

  '@rolldown/binding-linux-x64-musl@1.0.0-beta.7':
    resolution: {integrity: sha512-72LjHkY9Sqav35qopNh4fabhSsqKWmOwMtjmrNgONTtC5LhALjNZlaXkAaFvQRJ8N7ftT8BOITzaZeqrF6BYdg==}
    cpu: [x64]
    os: [linux]

  '@rolldown/binding-wasm32-wasi@1.0.0-beta.7':
    resolution: {integrity: sha512-sR8q2p3j5ZCkFWPbm6LUIYE7SHfmrVqXu0n4CFpzmAM95pDhFRx8SzT/oL5tkFN+mCdnPpzcvpn9OioVXQ8CxA==}
    engines: {node: '>=14.21.3'}
    cpu: [wasm32]

  '@rolldown/binding-win32-arm64-msvc@1.0.0-beta.7':
    resolution: {integrity: sha512-eeSNGdZt01NelYGl5LZc3cSwN4iYG5XE8zMqkILErfW6ndpc74DKeDWI0aG8jmtjz5VerLA4B9DzOkhuFj4lNg==}
    cpu: [arm64]
    os: [win32]

  '@rolldown/binding-win32-ia32-msvc@1.0.0-beta.7':
    resolution: {integrity: sha512-d7Uhs3LWirrE4+TRa2N25AqrZaZjYZdOrKSYbZFMF42tFkWIgGWPCQouTqjMgjVGX0feJpF7+9dwVhjZFzZbYA==}
    cpu: [ia32]
    os: [win32]

  '@rolldown/binding-win32-x64-msvc@1.0.0-beta.7':
    resolution: {integrity: sha512-Z3P1JHx+U7Sr73v5wJtEygxboF2VR9ds4eSAgFfslhIxFI48FFm+WEMeuLLeqnx0tiq1UL6cIIg5+h3mlaG6UA==}
    cpu: [x64]
    os: [win32]

  '@rollup/rollup-android-arm-eabi@4.38.0':
    resolution: {integrity: sha512-ldomqc4/jDZu/xpYU+aRxo3V4mGCV9HeTgUBANI3oIQMOL+SsxB+S2lxMpkFp5UamSS3XuTMQVbsS24R4J4Qjg==}
    cpu: [arm]
    os: [android]

  '@rollup/rollup-android-arm64@4.38.0':
    resolution: {integrity: sha512-VUsgcy4GhhT7rokwzYQP+aV9XnSLkkhlEJ0St8pbasuWO/vwphhZQxYEKUP3ayeCYLhk6gEtacRpYP/cj3GjyQ==}
    cpu: [arm64]
    os: [android]

  '@rollup/rollup-darwin-arm64@4.38.0':
    resolution: {integrity: sha512-buA17AYXlW9Rn091sWMq1xGUvWQFOH4N1rqUxGJtEQzhChxWjldGCCup7r/wUnaI6Au8sKXpoh0xg58a7cgcpg==}
    cpu: [arm64]
    os: [darwin]

  '@rollup/rollup-darwin-x64@4.38.0':
    resolution: {integrity: sha512-Mgcmc78AjunP1SKXl624vVBOF2bzwNWFPMP4fpOu05vS0amnLcX8gHIge7q/lDAHy3T2HeR0TqrriZDQS2Woeg==}
    cpu: [x64]
    os: [darwin]

  '@rollup/rollup-freebsd-arm64@4.38.0':
    resolution: {integrity: sha512-zzJACgjLbQTsscxWqvrEQAEh28hqhebpRz5q/uUd1T7VTwUNZ4VIXQt5hE7ncs0GrF+s7d3S4on4TiXUY8KoQA==}
    cpu: [arm64]
    os: [freebsd]

  '@rollup/rollup-freebsd-x64@4.38.0':
    resolution: {integrity: sha512-hCY/KAeYMCyDpEE4pTETam0XZS4/5GXzlLgpi5f0IaPExw9kuB+PDTOTLuPtM10TlRG0U9OSmXJ+Wq9J39LvAg==}
    cpu: [x64]
    os: [freebsd]

  '@rollup/rollup-linux-arm-gnueabihf@4.38.0':
    resolution: {integrity: sha512-mimPH43mHl4JdOTD7bUMFhBdrg6f9HzMTOEnzRmXbOZqjijCw8LA5z8uL6LCjxSa67H2xiLFvvO67PT05PRKGg==}
    cpu: [arm]
    os: [linux]

  '@rollup/rollup-linux-arm-musleabihf@4.38.0':
    resolution: {integrity: sha512-tPiJtiOoNuIH8XGG8sWoMMkAMm98PUwlriOFCCbZGc9WCax+GLeVRhmaxjJtz6WxrPKACgrwoZ5ia/uapq3ZVg==}
    cpu: [arm]
    os: [linux]

  '@rollup/rollup-linux-arm64-gnu@4.38.0':
    resolution: {integrity: sha512-wZco59rIVuB0tjQS0CSHTTUcEde+pXQWugZVxWaQFdQQ1VYub/sTrNdY76D1MKdN2NB48JDuGABP6o6fqos8mA==}
    cpu: [arm64]
    os: [linux]

  '@rollup/rollup-linux-arm64-musl@4.38.0':
    resolution: {integrity: sha512-fQgqwKmW0REM4LomQ+87PP8w8xvU9LZfeLBKybeli+0yHT7VKILINzFEuggvnV9M3x1Ed4gUBmGUzCo/ikmFbQ==}
    cpu: [arm64]
    os: [linux]

  '@rollup/rollup-linux-loongarch64-gnu@4.38.0':
    resolution: {integrity: sha512-hz5oqQLXTB3SbXpfkKHKXLdIp02/w3M+ajp8p4yWOWwQRtHWiEOCKtc9U+YXahrwdk+3qHdFMDWR5k+4dIlddg==}
    cpu: [loong64]
    os: [linux]

  '@rollup/rollup-linux-powerpc64le-gnu@4.38.0':
    resolution: {integrity: sha512-NXqygK/dTSibQ+0pzxsL3r4Xl8oPqVoWbZV9niqOnIHV/J92fe65pOir0xjkUZDRSPyFRvu+4YOpJF9BZHQImw==}
    cpu: [ppc64]
    os: [linux]

  '@rollup/rollup-linux-riscv64-gnu@4.38.0':
    resolution: {integrity: sha512-GEAIabR1uFyvf/jW/5jfu8gjM06/4kZ1W+j1nWTSSB3w6moZEBm7iBtzwQ3a1Pxos2F7Gz+58aVEnZHU295QTg==}
    cpu: [riscv64]
    os: [linux]

  '@rollup/rollup-linux-riscv64-musl@4.38.0':
    resolution: {integrity: sha512-9EYTX+Gus2EGPbfs+fh7l95wVADtSQyYw4DfSBcYdUEAmP2lqSZY0Y17yX/3m5VKGGJ4UmIH5LHLkMJft3bYoA==}
    cpu: [riscv64]
    os: [linux]

  '@rollup/rollup-linux-s390x-gnu@4.38.0':
    resolution: {integrity: sha512-Mpp6+Z5VhB9VDk7RwZXoG2qMdERm3Jw07RNlXHE0bOnEeX+l7Fy4bg+NxfyN15ruuY3/7Vrbpm75J9QHFqj5+Q==}
    cpu: [s390x]
    os: [linux]

  '@rollup/rollup-linux-x64-gnu@4.38.0':
    resolution: {integrity: sha512-vPvNgFlZRAgO7rwncMeE0+8c4Hmc+qixnp00/Uv3ht2x7KYrJ6ERVd3/R0nUtlE6/hu7/HiiNHJ/rP6knRFt1w==}
    cpu: [x64]
    os: [linux]

  '@rollup/rollup-linux-x64-musl@4.38.0':
    resolution: {integrity: sha512-q5Zv+goWvQUGCaL7fU8NuTw8aydIL/C9abAVGCzRReuj5h30TPx4LumBtAidrVOtXnlB+RZkBtExMsfqkMfb8g==}
    cpu: [x64]
    os: [linux]

  '@rollup/rollup-win32-arm64-msvc@4.38.0':
    resolution: {integrity: sha512-u/Jbm1BU89Vftqyqbmxdq14nBaQjQX1HhmsdBWqSdGClNaKwhjsg5TpW+5Ibs1mb8Es9wJiMdl86BcmtUVXNZg==}
    cpu: [arm64]
    os: [win32]

  '@rollup/rollup-win32-ia32-msvc@4.38.0':
    resolution: {integrity: sha512-mqu4PzTrlpNHHbu5qleGvXJoGgHpChBlrBx/mEhTPpnAL1ZAYFlvHD7rLK839LLKQzqEQMFJfGrrOHItN4ZQqA==}
    cpu: [ia32]
    os: [win32]

  '@rollup/rollup-win32-x64-msvc@4.38.0':
    resolution: {integrity: sha512-jjqy3uWlecfB98Psxb5cD6Fny9Fupv9LrDSPTQZUROqjvZmcCqNu4UMl7qqhlUUGpwiAkotj6GYu4SZdcr/nLw==}
    cpu: [x64]
    os: [win32]

  '@tybys/wasm-util@0.9.0':
    resolution: {integrity: sha512-6+7nlbMVX/PVDCwaIQ8nTOPveOcFLSt8GcXdx8hD0bt39uWxYT88uXzqTd4fTvqta7oeUJqudepapKNt2DYJFw==}

  '@types/estree@1.0.7':
    resolution: {integrity: sha512-w28IoSUCJpidD/TGviZwwMJckNESJZXFu7NBZ5YJ4mEUnNraUn9Pm8HSZm/jDF1pDWYKspWE7oVphigUPRakIQ==}

  '@types/node@22.13.14':
    resolution: {integrity: sha512-Zs/Ollc1SJ8nKUAgc7ivOEdIBM8JAKgrqqUYi2J997JuKO7/tpQC+WCetQ1sypiKCQWHdvdg9wBNpUPEWZae7w==}

  '@valibot/to-json-schema@1.0.0':
    resolution: {integrity: sha512-/9crJgPptVsGCL6X+JPDQyaJwkalSZ/52WuF8DiRUxJgcmpNdzYRfZ+gqMEP8W3CTVfuMWPqqvIgfwJ97f9Etw==}
    peerDependencies:
      valibot: ^1.0.0

  acorn@8.14.1:
    resolution: {integrity: sha512-OvQ/2pUDKmgfCg++xsTX1wGxfTaszcHVcTctW4UJB4hibJx2HXxxO5UmVgyjMa+ZDsiaf5wWLXYpRWMmBI0QHg==}
    engines: {node: '>=0.4.0'}
    hasBin: true

  ansis@3.17.0:
    resolution: {integrity: sha512-0qWUglt9JEqLFr3w1I1pbrChn1grhaiAR2ocX1PP/flRmxgtwTzPFFFnfIlD6aMOLQZgSuCRlidD70lvx8yhzg==}
    engines: {node: '>=14'}

  cac@6.7.14:
    resolution: {integrity: sha512-b6Ilus+c3RrdDk+JhLKUAQfzzgLEPy6wcXqS7f/xe1EETvsDP6GORG7SFuOs6cID5YkqchW/LXZbX5bc8j7ZcQ==}
    engines: {node: '>=8'}

  chokidar@4.0.3:
    resolution: {integrity: sha512-Qgzu8kfBvo+cA4962jnP1KkS6Dop5NS6g7R5LFYJr4b8Ub94PPQXUksCw9PvXoeXPRRddRNC5C1JQUR2SMGtnA==}
    engines: {node: '>= 14.16.0'}

  confbox@0.2.1:
    resolution: {integrity: sha512-hkT3yDPFbs95mNCy1+7qNKC6Pro+/ibzYxtM2iqEigpf0sVw+bg4Zh9/snjsBcf990vfIsg5+1U7VyiyBb3etg==}

  consola@3.4.2:
    resolution: {integrity: sha512-5IKcdX0nnYavi6G7TtOhwkYzyjfJlatbjMjuLSfE2kYT5pMDOilZ4OvMhi637CcDICTmz3wARPoyhqyX1Y+XvA==}
    engines: {node: ^14.18.0 || >=16.10.0}

  debug@4.4.0:
    resolution: {integrity: sha512-6WTZ/IxCY/T6BALoZHaE4ctp9xm+Z5kY/pzYaCHRFeyVhojxlrm+46y68HA6hr0TcwEssoxNiDEUJQjfPZ/RYA==}
    engines: {node: '>=6.0'}
    peerDependencies:
      supports-color: '*'
    peerDependenciesMeta:
      supports-color:
        optional: true

  defu@6.1.4:
    resolution: {integrity: sha512-mEQCMmwJu317oSz8CwdIOdwf3xMif1ttiM8LTufzc3g6kR+9Pe236twL8j3IYT1F7GfRgGcW6MWxzZjLIkuHIg==}

  diff@7.0.0:
    resolution: {integrity: sha512-PJWHUb1RFevKCwaFA9RlG5tCd+FO5iRh9A8HEtkmBH2Li03iJriB6m6JIN4rGz3K3JLawI7/veA1xzRKP6ISBw==}
    engines: {node: '>=0.3.1'}

  exsolve@1.0.4:
    resolution: {integrity: sha512-xsZH6PXaER4XoV+NiT7JHp1bJodJVT+cxeSH1G0f0tlT0lJqYuHUP3bUx2HtfTDvOagMINYp8rsqusxud3RXhw==}

  fdir@6.4.3:
    resolution: {integrity: sha512-PMXmW2y1hDDfTSRc9gaXIuCCRpuoz3Kaz8cUelp3smouvfT632ozg2vrT6lJsHKKOF59YLbOGfAWGUcKEfRMQw==}
    peerDependencies:
      picomatch: ^3 || ^4
    peerDependenciesMeta:
      picomatch:
        optional: true

  fsevents@2.3.3:
    resolution: {integrity: sha512-5xoDfX+fL7faATnagmWPpbFtwh/R77WmMMqqHGS65C3vvB0YHrgF+B1YmZ3441tMj5n63k0212XNoJwzlhffQw==}
    engines: {node: ^8.16.0 || ^10.6.0 || >=11.0.0}
    os: [darwin]

  graphql@16.10.0:
    resolution: {integrity: sha512-AjqGKbDGUFRKIRCP9tCKiIGHyriz2oHEbPIbEtcSLSs4YjReZOIPQQWek4+6hjw62H9QShXHyaGivGiYVLeYFQ==}
    engines: {node: ^12.22.0 || ^14.16.0 || ^16.0.0 || >=17.0.0}

  graplix@0.1.2:
    resolution: {integrity: sha512-S6z00z+/8CVtZfevWil3JFbaSumBJdXAh+z5LZuUgm09RVy/uoSqeOZ3+G5JjaPEEMVL2iD5BUUitsd5Mwp1+Q==}

  jiti@2.4.2:
    resolution: {integrity: sha512-rg9zJN+G4n2nfJl5MW3BMygZX56zKPNVEYYqq7adpmMh4Jn2QNEwhvQlFy6jPVdcod7txZtKHWnyZiA3a0zP7A==}
    hasBin: true

  js-tokens@4.0.0:
    resolution: {integrity: sha512-RdJUflcE3cUzKiMqQgsCu06FPu9UdIJO0beYbPhHN4k6apgJtifcoCtT9bcxOpYBtpD2kCM6Sbzg4CausW/PKQ==}

  lefthook-darwin-arm64@1.11.5:
    resolution: {integrity: sha512-58VgfpwVZou3OcELAo673gwT1Y2iE0W/zdh9sI7/ZJHjjPNGuxHqroI/woB/SzhRjndwKsa2YUaYntb2ZqgyMw==}
    cpu: [arm64]
    os: [darwin]

  lefthook-darwin-x64@1.11.5:
    resolution: {integrity: sha512-wZBYZWK0CcsHYQJwLHxaitG1LKIPE0s4E4MjB0oGd4DrFGWSmJUSv1q888Rc1515U2L3VS8CH91f1PvOusTURA==}
    cpu: [x64]
    os: [darwin]

  lefthook-freebsd-arm64@1.11.5:
    resolution: {integrity: sha512-fyTZffoe3XaKquQ1gqEybwpSv4z1XRTLkgqYoz3uuY0s/4vcRu1N13egDu5Lqbdm57ps9VWEqYD7wTiHw3ldGA==}
    cpu: [arm64]
    os: [freebsd]

  lefthook-freebsd-x64@1.11.5:
    resolution: {integrity: sha512-sumvthx/U2R36YfNH/Uhwi77ZC5g1s41xBBjAE9VM6xlQarcw/A/DGPu9OaH8AM0Td089jUStT/8zN85GQfg6Q==}
    cpu: [x64]
    os: [freebsd]

  lefthook-linux-arm64@1.11.5:
    resolution: {integrity: sha512-DclKoRxDc6NqhPyjuwbA+oOGSkhCZXmHzUdpo/p6Yf4owoJZtcM6yEvWN+77L8N4kUiW2pNoFj61fEZkYCc4pA==}
    cpu: [arm64]
    os: [linux]

  lefthook-linux-x64@1.11.5:
    resolution: {integrity: sha512-5omR/uX0TOYJy94uWAeQIO+4HkoQjW425VQ48HtR3aqmODqj1ELYbR8YKtEcYUK+RqIzREG1kBODXmtIsINTdA==}
    cpu: [x64]
    os: [linux]

  lefthook-openbsd-arm64@1.11.5:
    resolution: {integrity: sha512-i1Ji2+KBQPeqCFaSmoBkGhcREQ+0zocuo24fxj2I5jkEIZFM0+UvwPTSsg6ZwOgftV2IcqRKGE2DbIQN1M+U2A==}
    cpu: [arm64]
    os: [openbsd]

  lefthook-openbsd-x64@1.11.5:
    resolution: {integrity: sha512-60XJUYgk4DEoMX1af8b8R3DosneawiHeJR6A3Pa62rfElVL9puqHEdscA9qW5hW9lm/bH6gFs8KB55yqjMmf1g==}
    cpu: [x64]
    os: [openbsd]

  lefthook-windows-arm64@1.11.5:
    resolution: {integrity: sha512-Ttfwdk9QeoDwvgjS71PocpvwuNnB39+8Az6OuXteWaSn5UA3g+wtD28Bu/BRHseym3RhqXfkYWthii7Vwu7iTQ==}
    cpu: [arm64]
    os: [win32]

  lefthook-windows-x64@1.11.5:
    resolution: {integrity: sha512-r5MWvJbnCElXeMzKZ4RTyffqzeIWK1xq526hB/Qt55PfbF8is/caEVoutjhzzhyks2vfXZUwVE7oDYif/co5iA==}
    cpu: [x64]
    os: [win32]

  lefthook@1.11.5:
    resolution: {integrity: sha512-iv3pJsfg0zDVqRa+sUsfZ4AsAk2W5KOpouNptLQxFncU5hZa60HfDHIp9pne/E7LoAyzGbwMCGYnBdGpQZc5Pg==}
    hasBin: true

  magic-string@0.30.17:
    resolution: {integrity: sha512-sNPKHvyjVf7gyjwS4xGTaW/mCnF8wnjtifKBEhxfZ7E/S8tQ0rssrwGNn6q8JH/ohItJfSQp9mBtQYuTlH5QnA==}

  mri@1.2.0:
    resolution: {integrity: sha512-tzzskb3bG8LvYGFF/mDTpq3jpI6Q9wc3LEmBaghu+DdCssd1FakN7Bc0hVNmEyGq1bq3RgfkCb3cmQLpNPOroA==}
    engines: {node: '>=4'}

  ms@2.1.3:
    resolution: {integrity: sha512-6FlzubTLZG3J2a/NVCAleEhjzq5oxgHyaCU9yYXvcLsvoVaHJq/s5xXI6/XXP6tz7R9xAOtHnSO/tXtF3WRTlA==}

  oxc-parser@0.61.2:
    resolution: {integrity: sha512-ZJnAP7VLQhqqnfku7+gssTwmbQyfbZ552Vly4O2BMHkvDwfwLlPtAIYjMq57Lcj5HLmopI0oZlk7xTSML/YsZA==}
    engines: {node: '>=14.0.0'}

  oxc-resolver@5.0.1:
    resolution: {integrity: sha512-BbclyCSxgnqO5mo05RGcwp8rkVdZL7sf0ugEnFWK67DIBAMq5wR0/GQlQCdPiPkpiv9GESAVX2cbh1DMFux/TQ==}

  oxc-transform@0.61.2:
    resolution: {integrity: sha512-U0ZlYI80/3QK1VcmG73jpMLLN92BtgGO0gUWVMa6nnooJ9YfLWIeFAxifXsMyzqqJNbpzzT8E6myrSXZ1z371A==}
    engines: {node: '>=14.0.0'}

  package-manager-detector@0.2.11:
    resolution: {integrity: sha512-BEnLolu+yuz22S56CU1SUKq3XC3PkwD5wv4ikR4MfGvnRVcmzXR9DwSlW2fEamyTPyXHomBJRzgapeuBvRNzJQ==}

  pathe@2.0.3:
    resolution: {integrity: sha512-WUjGcAqP1gQacoQe+OBJsFA7Ld4DyXuUIjZ5cc75cLHvJ7dtNsTugphxIADwspS+AraAUePCKrSVtPLFj/F88w==}

  picocolors@1.1.1:
    resolution: {integrity: sha512-xceH2snhtb5M9liqDsmEw56le376mTZkEX/jEb/RxNFyegNul7eNslCXP9FDj/Lcu0X8KEyMceP2ntpaHrDEVA==}

  picomatch@4.0.2:
    resolution: {integrity: sha512-M7BAV6Rlcy5u+m6oPhAPFgJTzAioX/6B0DxyvDlo9l8+T3nLKbrczg2WLUyzd45L8RqfUMyGPzekbMvX2Ldkwg==}
    engines: {node: '>=12'}

  pkg-types@2.1.0:
    resolution: {integrity: sha512-wmJwA+8ihJixSoHKxZJRBQG1oY8Yr9pGLzRmSsNms0iNWyHHAlZCa7mmKiFR10YPZuz/2k169JiS/inOjBCZ2A==}

  publint@0.3.9:
    resolution: {integrity: sha512-irTwfRfYW38vomkxxoiZQtFtUOQKpz5m0p9Z60z4xpXrl1KmvSrX1OMARvnnolB5usOXeNfvLj6d/W3rwXKfBQ==}
    engines: {node: '>=18'}
    hasBin: true

  quansync@0.2.10:
    resolution: {integrity: sha512-t41VRkMYbkHyCYmOvx/6URnN80H7k4X0lLdBMGsz+maAwrJQYB1djpV6vHrQIBE0WBSGqhtEHrK9U3DWWH8v7A==}

  readdirp@4.1.2:
    resolution: {integrity: sha512-GDhwkLfywWL2s6vEjyhri+eXmfH6j1L7JE27WhqLeYzoh/A3DBaYGEj2H/HFZCn/kMfim73FXxEJTw06WtxQwg==}
    engines: {node: '>= 14.18.0'}

  remeda@2.21.2:
    resolution: {integrity: sha512-wdhkMDou8HRpD7RnxKJ/FHJWEGXRH7jV/pb0NsdLLSoBo+G9RjtxcY41hVhogLfEMkThk6aySKjs+Yd6PnpzBA==}

  rolldown@1.0.0-beta.7:
    resolution: {integrity: sha512-IUa/9lZVqgFilYggiY7jxUbmvU4Q8wVvVqsru+AeMldBccBEhTYZ6/XP6cWsznb8Fv49zfYGaeEpJ5WeVdo6Mg==}
    hasBin: true
    peerDependencies:
      '@oxc-project/runtime': 0.61.2
    peerDependenciesMeta:
      '@oxc-project/runtime':
        optional: true

  rollup-plugin-dts@6.2.1:
    resolution: {integrity: sha512-sR3CxYUl7i2CHa0O7bA45mCrgADyAQ0tVtGSqi3yvH28M+eg1+g5d7kQ9hLvEz5dorK3XVsH5L2jwHLQf72DzA==}
    engines: {node: '>=16'}
    peerDependencies:
      rollup: ^3.29.4 || ^4
      typescript: ^4.5 || ^5.0

  rollup@4.38.0:
    resolution: {integrity: sha512-5SsIRtJy9bf1ErAOiFMFzl64Ex9X5V7bnJ+WlFMb+zmP459OSWCEG7b0ERZ+PEU7xPt4OG3RHbrp1LJlXxYTrw==}
    engines: {node: '>=18.0.0', npm: '>=8.0.0'}
    hasBin: true

  sade@1.8.1:
    resolution: {integrity: sha512-xal3CZX1Xlo/k4ApwCFrHVACi9fBqJ7V+mwhBsuf/1IOKbBy098Fex+Wa/5QMubw09pSZ/u8EY8PWgevJsXp1A==}
    engines: {node: '>=6'}

  tinyglobby@0.2.12:
    resolution: {integrity: sha512-qkf4trmKSIiMTs/E63cxH+ojC2unam7rJ0WrauAzpT3ECNTxGRMlaXxVbfxMUC/w0LaYk6jQ4y/nGR9uBO3tww==}
    engines: {node: '>=12.0.0'}

  tsdown@0.6.10:
    resolution: {integrity: sha512-z8+r/9ToKADbsCoGY29z6h7gzJGCB/65NMFou492ZwqXSO50Z3RaV9FHnB8zqpR1tVdSdQJJap7vE3IpjwDV/Q==}
    engines: {node: '>=18.0.0'}
    hasBin: true
    peerDependencies:
      publint: ^0.3.0
      unplugin-unused: ^0.4.0
    peerDependenciesMeta:
      publint:
        optional: true
      unplugin-unused:
        optional: true

  tslib@2.8.1:
    resolution: {integrity: sha512-oJFu94HQb+KVduSUQL7wnpmqnfmLsOA/nAh6b6EH0wCEoK0/mPeXU6c3wKDV83MkOuHPRHtSXKKU99IBazS/2w==}

  type-fest@4.38.0:
    resolution: {integrity: sha512-2dBz5D5ycHIoliLYLi0Q2V7KRaDlH0uWIvmk7TYlAg5slqwiPv1ezJdZm1QEM0xgk29oYWMCbIG7E6gHpvChlg==}
    engines: {node: '>=16'}

  typescript@5.8.2:
    resolution: {integrity: sha512-aJn6wq13/afZp/jT9QZmwEjDqqvSGp1VT5GVg+f/t6/oVyrgXM6BY1h9BRh/O5p3PlUPAe+WuiEZOmb/49RqoQ==}
    engines: {node: '>=14.17'}
    hasBin: true

  unconfig@7.3.1:
    resolution: {integrity: sha512-LH5WL+un92tGAzWS87k7LkAfwpMdm7V0IXG2FxEjZz/QxiIW5J5LkcrKQThj0aRz6+h/lFmKI9EUXmK/T0bcrw==}

  undici-types@6.20.0:
    resolution: {integrity: sha512-Ny6QZ2Nju20vw1SRHe3d9jVu6gJ+4e3+MMpqu7pqE5HT6WsTSlce++GQmK5UXS8mzV8DSYHrQH+Xrf2jVcuKNg==}

  unplugin-isolated-decl@0.13.5:
    resolution: {integrity: sha512-v2WKhLo0przgmZF+StR/+/UWCz1rER0x72N9n7aa2JY5giyGwHpjXQ2uIP8xm6yjiBl6+P8Mgudb1ediYMh48g==}
    engines: {node: '>=18.12.0'}
    peerDependencies:
      '@swc/core': ^1.6.6
      typescript: ^5.5.2
    peerDependenciesMeta:
      '@swc/core':
        optional: true
      typescript:
        optional: true

  unplugin-utils@0.2.4:
    resolution: {integrity: sha512-8U/MtpkPkkk3Atewj1+RcKIjb5WBimZ/WSLhhR3w6SsIj8XJuKTacSP8g+2JhfSGw0Cb125Y+2zA/IzJZDVbhA==}
    engines: {node: '>=18.12.0'}

  unplugin@2.2.2:
    resolution: {integrity: sha512-Qp+iiD+qCRnUek+nDoYvtWX7tfnYyXsrOnJ452FRTgOyKmTM7TUJ3l+PLPJOOWPTUyKISKp4isC5JJPSXUjGgw==}
    engines: {node: '>=18.12.0'}

  valibot@1.0.0:
    resolution: {integrity: sha512-1Hc0ihzWxBar6NGeZv7fPLY0QuxFMyxwYR2sF1Blu7Wq7EnremwY2W02tit2ij2VJT8HcSkHAQqmFfl77f73Yw==}
    peerDependencies:
      typescript: '>=5'
    peerDependenciesMeta:
      typescript:
        optional: true

  webpack-virtual-modules@0.6.2:
    resolution: {integrity: sha512-66/V2i5hQanC51vBQKPH4aI8NMAcBW59FVBs+rC7eGHupMyfn34q7rZIE+ETlJ+XTevqfUhVVBgSUNSW2flEUQ==}

snapshots:

  '@babel/code-frame@7.26.2':
    dependencies:
      '@babel/helper-validator-identifier': 7.25.9
      js-tokens: 4.0.0
      picocolors: 1.1.1
    optional: true

  '@babel/helper-validator-identifier@7.25.9':
    optional: true

  '@biomejs/biome@2.0.0-beta.1':
    optionalDependencies:
      '@biomejs/cli-darwin-arm64': 2.0.0-beta.1
      '@biomejs/cli-darwin-x64': 2.0.0-beta.1
      '@biomejs/cli-linux-arm64': 2.0.0-beta.1
      '@biomejs/cli-linux-arm64-musl': 2.0.0-beta.1
      '@biomejs/cli-linux-x64': 2.0.0-beta.1
      '@biomejs/cli-linux-x64-musl': 2.0.0-beta.1
      '@biomejs/cli-win32-arm64': 2.0.0-beta.1
      '@biomejs/cli-win32-x64': 2.0.0-beta.1

  '@biomejs/cli-darwin-arm64@2.0.0-beta.1':
    optional: true

  '@biomejs/cli-darwin-x64@2.0.0-beta.1':
    optional: true

  '@biomejs/cli-linux-arm64-musl@2.0.0-beta.1':
    optional: true

  '@biomejs/cli-linux-arm64@2.0.0-beta.1':
    optional: true

  '@biomejs/cli-linux-x64-musl@2.0.0-beta.1':
    optional: true

  '@biomejs/cli-linux-x64@2.0.0-beta.1':
    optional: true

  '@biomejs/cli-win32-arm64@2.0.0-beta.1':
    optional: true

  '@biomejs/cli-win32-x64@2.0.0-beta.1':
    optional: true

  '@emnapi/core@1.4.0':
    dependencies:
      '@emnapi/wasi-threads': 1.0.1
      tslib: 2.8.1
    optional: true

  '@emnapi/runtime@1.4.0':
    dependencies:
      tslib: 2.8.1
    optional: true

  '@emnapi/wasi-threads@1.0.1':
    dependencies:
      tslib: 2.8.1
    optional: true

  '@jridgewell/sourcemap-codec@1.5.0': {}

  '@napi-rs/wasm-runtime@0.2.7':
    dependencies:
      '@emnapi/core': 1.4.0
      '@emnapi/runtime': 1.4.0
      '@tybys/wasm-util': 0.9.0
    optional: true

  '@oxc-parser/binding-darwin-arm64@0.61.2':
    optional: true

  '@oxc-parser/binding-darwin-x64@0.61.2':
    optional: true

  '@oxc-parser/binding-linux-arm-gnueabihf@0.61.2':
    optional: true

  '@oxc-parser/binding-linux-arm64-gnu@0.61.2':
    optional: true

  '@oxc-parser/binding-linux-arm64-musl@0.61.2':
    optional: true

  '@oxc-parser/binding-linux-x64-gnu@0.61.2':
    optional: true

  '@oxc-parser/binding-linux-x64-musl@0.61.2':
    optional: true

  '@oxc-parser/binding-wasm32-wasi@0.61.2':
    dependencies:
      '@napi-rs/wasm-runtime': 0.2.7
    optional: true

  '@oxc-parser/binding-win32-arm64-msvc@0.61.2':
    optional: true

  '@oxc-parser/binding-win32-x64-msvc@0.61.2':
    optional: true

  '@oxc-project/types@0.61.2': {}

  '@oxc-resolver/binding-darwin-arm64@5.0.1':
    optional: true

  '@oxc-resolver/binding-darwin-x64@5.0.1':
    optional: true

  '@oxc-resolver/binding-freebsd-x64@5.0.1':
    optional: true

  '@oxc-resolver/binding-linux-arm-gnueabihf@5.0.1':
    optional: true

  '@oxc-resolver/binding-linux-arm64-gnu@5.0.1':
    optional: true

  '@oxc-resolver/binding-linux-arm64-musl@5.0.1':
    optional: true

  '@oxc-resolver/binding-linux-x64-gnu@5.0.1':
    optional: true

  '@oxc-resolver/binding-linux-x64-musl@5.0.1':
    optional: true

  '@oxc-resolver/binding-wasm32-wasi@5.0.1':
    dependencies:
      '@napi-rs/wasm-runtime': 0.2.7
    optional: true

  '@oxc-resolver/binding-win32-arm64-msvc@5.0.1':
    optional: true

  '@oxc-resolver/binding-win32-x64-msvc@5.0.1':
    optional: true

  '@oxc-transform/binding-darwin-arm64@0.61.2':
    optional: true

  '@oxc-transform/binding-darwin-x64@0.61.2':
    optional: true

  '@oxc-transform/binding-linux-arm-gnueabihf@0.61.2':
    optional: true

  '@oxc-transform/binding-linux-arm64-gnu@0.61.2':
    optional: true

  '@oxc-transform/binding-linux-arm64-musl@0.61.2':
    optional: true

  '@oxc-transform/binding-linux-x64-gnu@0.61.2':
    optional: true

  '@oxc-transform/binding-linux-x64-musl@0.61.2':
    optional: true

  '@oxc-transform/binding-wasm32-wasi@0.61.2':
    dependencies:
      '@napi-rs/wasm-runtime': 0.2.7
    optional: true

  '@oxc-transform/binding-win32-arm64-msvc@0.61.2':
    optional: true

  '@oxc-transform/binding-win32-x64-msvc@0.61.2':
    optional: true

  '@pothos/core@4.5.1(graphql@16.10.0)':
    dependencies:
      graphql: 16.10.0

  '@publint/pack@0.1.2': {}

  '@quansync/fs@0.1.1':
    dependencies:
      quansync: 0.2.10

  '@rolldown/binding-darwin-arm64@1.0.0-beta.7':
    optional: true

  '@rolldown/binding-darwin-x64@1.0.0-beta.7':
    optional: true

  '@rolldown/binding-freebsd-x64@1.0.0-beta.7':
    optional: true

  '@rolldown/binding-linux-arm-gnueabihf@1.0.0-beta.7':
    optional: true

  '@rolldown/binding-linux-arm64-gnu@1.0.0-beta.7':
    optional: true

  '@rolldown/binding-linux-arm64-musl@1.0.0-beta.7':
    optional: true

  '@rolldown/binding-linux-x64-gnu@1.0.0-beta.7':
    optional: true

  '@rolldown/binding-linux-x64-musl@1.0.0-beta.7':
    optional: true

  '@rolldown/binding-wasm32-wasi@1.0.0-beta.7':
    dependencies:
      '@napi-rs/wasm-runtime': 0.2.7
    optional: true

  '@rolldown/binding-win32-arm64-msvc@1.0.0-beta.7':
    optional: true

  '@rolldown/binding-win32-ia32-msvc@1.0.0-beta.7':
    optional: true

  '@rolldown/binding-win32-x64-msvc@1.0.0-beta.7':
    optional: true

  '@rollup/rollup-android-arm-eabi@4.38.0':
    optional: true

  '@rollup/rollup-android-arm64@4.38.0':
    optional: true

  '@rollup/rollup-darwin-arm64@4.38.0':
    optional: true

  '@rollup/rollup-darwin-x64@4.38.0':
    optional: true

  '@rollup/rollup-freebsd-arm64@4.38.0':
    optional: true

  '@rollup/rollup-freebsd-x64@4.38.0':
    optional: true

  '@rollup/rollup-linux-arm-gnueabihf@4.38.0':
    optional: true

  '@rollup/rollup-linux-arm-musleabihf@4.38.0':
    optional: true

  '@rollup/rollup-linux-arm64-gnu@4.38.0':
    optional: true

  '@rollup/rollup-linux-arm64-musl@4.38.0':
    optional: true

  '@rollup/rollup-linux-loongarch64-gnu@4.38.0':
    optional: true

  '@rollup/rollup-linux-powerpc64le-gnu@4.38.0':
    optional: true

  '@rollup/rollup-linux-riscv64-gnu@4.38.0':
    optional: true

  '@rollup/rollup-linux-riscv64-musl@4.38.0':
    optional: true

  '@rollup/rollup-linux-s390x-gnu@4.38.0':
    optional: true

  '@rollup/rollup-linux-x64-gnu@4.38.0':
    optional: true

  '@rollup/rollup-linux-x64-musl@4.38.0':
    optional: true

  '@rollup/rollup-win32-arm64-msvc@4.38.0':
    optional: true

  '@rollup/rollup-win32-ia32-msvc@4.38.0':
    optional: true

  '@rollup/rollup-win32-x64-msvc@4.38.0':
    optional: true

  '@tybys/wasm-util@0.9.0':
    dependencies:
      tslib: 2.8.1
    optional: true

  '@types/estree@1.0.7': {}

  '@types/node@22.13.14':
    dependencies:
      undici-types: 6.20.0

  '@valibot/to-json-schema@1.0.0(valibot@1.0.0(typescript@5.8.2))':
    dependencies:
      valibot: 1.0.0(typescript@5.8.2)

  acorn@8.14.1: {}

  ansis@3.17.0: {}

  cac@6.7.14: {}

  chokidar@4.0.3:
    dependencies:
      readdirp: 4.1.2

  confbox@0.2.1: {}

  consola@3.4.2: {}

  debug@4.4.0:
    dependencies:
      ms: 2.1.3

  defu@6.1.4: {}

  diff@7.0.0: {}

  exsolve@1.0.4: {}

  fdir@6.4.3(picomatch@4.0.2):
    optionalDependencies:
      picomatch: 4.0.2

  fsevents@2.3.3:
    optional: true

  graphql@16.10.0: {}

  graplix@0.1.2:
    dependencies:
      remeda: 2.21.2

  jiti@2.4.2: {}

  js-tokens@4.0.0:
    optional: true

  lefthook-darwin-arm64@1.11.5:
    optional: true

  lefthook-darwin-x64@1.11.5:
    optional: true

  lefthook-freebsd-arm64@1.11.5:
    optional: true

  lefthook-freebsd-x64@1.11.5:
    optional: true

  lefthook-linux-arm64@1.11.5:
    optional: true

  lefthook-linux-x64@1.11.5:
    optional: true

  lefthook-openbsd-arm64@1.11.5:
    optional: true

  lefthook-openbsd-x64@1.11.5:
    optional: true

  lefthook-windows-arm64@1.11.5:
    optional: true

  lefthook-windows-x64@1.11.5:
    optional: true

  lefthook@1.11.5:
    optionalDependencies:
      lefthook-darwin-arm64: 1.11.5
      lefthook-darwin-x64: 1.11.5
      lefthook-freebsd-arm64: 1.11.5
      lefthook-freebsd-x64: 1.11.5
      lefthook-linux-arm64: 1.11.5
      lefthook-linux-x64: 1.11.5
      lefthook-openbsd-arm64: 1.11.5
      lefthook-openbsd-x64: 1.11.5
      lefthook-windows-arm64: 1.11.5
      lefthook-windows-x64: 1.11.5

  magic-string@0.30.17:
    dependencies:
      '@jridgewell/sourcemap-codec': 1.5.0

  mri@1.2.0: {}

  ms@2.1.3: {}

  oxc-parser@0.61.2:
    dependencies:
      '@oxc-project/types': 0.61.2
    optionalDependencies:
      '@oxc-parser/binding-darwin-arm64': 0.61.2
      '@oxc-parser/binding-darwin-x64': 0.61.2
      '@oxc-parser/binding-linux-arm-gnueabihf': 0.61.2
      '@oxc-parser/binding-linux-arm64-gnu': 0.61.2
      '@oxc-parser/binding-linux-arm64-musl': 0.61.2
      '@oxc-parser/binding-linux-x64-gnu': 0.61.2
      '@oxc-parser/binding-linux-x64-musl': 0.61.2
      '@oxc-parser/binding-wasm32-wasi': 0.61.2
      '@oxc-parser/binding-win32-arm64-msvc': 0.61.2
      '@oxc-parser/binding-win32-x64-msvc': 0.61.2

  oxc-resolver@5.0.1:
    optionalDependencies:
      '@oxc-resolver/binding-darwin-arm64': 5.0.1
      '@oxc-resolver/binding-darwin-x64': 5.0.1
      '@oxc-resolver/binding-freebsd-x64': 5.0.1
      '@oxc-resolver/binding-linux-arm-gnueabihf': 5.0.1
      '@oxc-resolver/binding-linux-arm64-gnu': 5.0.1
      '@oxc-resolver/binding-linux-arm64-musl': 5.0.1
      '@oxc-resolver/binding-linux-x64-gnu': 5.0.1
      '@oxc-resolver/binding-linux-x64-musl': 5.0.1
      '@oxc-resolver/binding-wasm32-wasi': 5.0.1
      '@oxc-resolver/binding-win32-arm64-msvc': 5.0.1
      '@oxc-resolver/binding-win32-x64-msvc': 5.0.1

  oxc-transform@0.61.2:
    optionalDependencies:
      '@oxc-transform/binding-darwin-arm64': 0.61.2
      '@oxc-transform/binding-darwin-x64': 0.61.2
      '@oxc-transform/binding-linux-arm-gnueabihf': 0.61.2
      '@oxc-transform/binding-linux-arm64-gnu': 0.61.2
      '@oxc-transform/binding-linux-arm64-musl': 0.61.2
      '@oxc-transform/binding-linux-x64-gnu': 0.61.2
      '@oxc-transform/binding-linux-x64-musl': 0.61.2
      '@oxc-transform/binding-wasm32-wasi': 0.61.2
      '@oxc-transform/binding-win32-arm64-msvc': 0.61.2
      '@oxc-transform/binding-win32-x64-msvc': 0.61.2

  package-manager-detector@0.2.11:
    dependencies:
      quansync: 0.2.10

  pathe@2.0.3: {}

  picocolors@1.1.1: {}

  picomatch@4.0.2: {}

  pkg-types@2.1.0:
    dependencies:
      confbox: 0.2.1
      exsolve: 1.0.4
      pathe: 2.0.3

  publint@0.3.9:
    dependencies:
      '@publint/pack': 0.1.2
      package-manager-detector: 0.2.11
      picocolors: 1.1.1
      sade: 1.8.1

  quansync@0.2.10: {}

  readdirp@4.1.2: {}

  remeda@2.21.2:
    dependencies:
      type-fest: 4.38.0

  rolldown@1.0.0-beta.7(typescript@5.8.2):
    dependencies:
      '@oxc-project/types': 0.61.2
      '@valibot/to-json-schema': 1.0.0(valibot@1.0.0(typescript@5.8.2))
      valibot: 1.0.0(typescript@5.8.2)
    optionalDependencies:
      '@rolldown/binding-darwin-arm64': 1.0.0-beta.7
      '@rolldown/binding-darwin-x64': 1.0.0-beta.7
      '@rolldown/binding-freebsd-x64': 1.0.0-beta.7
      '@rolldown/binding-linux-arm-gnueabihf': 1.0.0-beta.7
      '@rolldown/binding-linux-arm64-gnu': 1.0.0-beta.7
      '@rolldown/binding-linux-arm64-musl': 1.0.0-beta.7
      '@rolldown/binding-linux-x64-gnu': 1.0.0-beta.7
      '@rolldown/binding-linux-x64-musl': 1.0.0-beta.7
      '@rolldown/binding-wasm32-wasi': 1.0.0-beta.7
      '@rolldown/binding-win32-arm64-msvc': 1.0.0-beta.7
      '@rolldown/binding-win32-ia32-msvc': 1.0.0-beta.7
      '@rolldown/binding-win32-x64-msvc': 1.0.0-beta.7
    transitivePeerDependencies:
      - typescript

  rollup-plugin-dts@6.2.1(rollup@4.38.0)(typescript@5.8.2):
    dependencies:
      magic-string: 0.30.17
      rollup: 4.38.0
      typescript: 5.8.2
    optionalDependencies:
      '@babel/code-frame': 7.26.2

  rollup@4.38.0:
    dependencies:
      '@types/estree': 1.0.7
    optionalDependencies:
      '@rollup/rollup-android-arm-eabi': 4.38.0
      '@rollup/rollup-android-arm64': 4.38.0
      '@rollup/rollup-darwin-arm64': 4.38.0
      '@rollup/rollup-darwin-x64': 4.38.0
      '@rollup/rollup-freebsd-arm64': 4.38.0
      '@rollup/rollup-freebsd-x64': 4.38.0
      '@rollup/rollup-linux-arm-gnueabihf': 4.38.0
      '@rollup/rollup-linux-arm-musleabihf': 4.38.0
      '@rollup/rollup-linux-arm64-gnu': 4.38.0
      '@rollup/rollup-linux-arm64-musl': 4.38.0
      '@rollup/rollup-linux-loongarch64-gnu': 4.38.0
      '@rollup/rollup-linux-powerpc64le-gnu': 4.38.0
      '@rollup/rollup-linux-riscv64-gnu': 4.38.0
      '@rollup/rollup-linux-riscv64-musl': 4.38.0
      '@rollup/rollup-linux-s390x-gnu': 4.38.0
      '@rollup/rollup-linux-x64-gnu': 4.38.0
      '@rollup/rollup-linux-x64-musl': 4.38.0
      '@rollup/rollup-win32-arm64-msvc': 4.38.0
      '@rollup/rollup-win32-ia32-msvc': 4.38.0
      '@rollup/rollup-win32-x64-msvc': 4.38.0
      fsevents: 2.3.3

  sade@1.8.1:
    dependencies:
      mri: 1.2.0

  tinyglobby@0.2.12:
    dependencies:
      fdir: 6.4.3(picomatch@4.0.2)
      picomatch: 4.0.2

  tsdown@0.6.10(publint@0.3.9)(typescript@5.8.2):
    dependencies:
      ansis: 3.17.0
      cac: 6.7.14
      chokidar: 4.0.3
      consola: 3.4.2
      debug: 4.4.0
      diff: 7.0.0
      oxc-resolver: 5.0.1
      pkg-types: 2.1.0
      rolldown: 1.0.0-beta.7(typescript@5.8.2)
      rollup: 4.38.0
      rollup-plugin-dts: 6.2.1(rollup@4.38.0)(typescript@5.8.2)
      tinyglobby: 0.2.12
      unconfig: 7.3.1
      unplugin-isolated-decl: 0.13.5(typescript@5.8.2)
    optionalDependencies:
      publint: 0.3.9
    transitivePeerDependencies:
      - '@oxc-project/runtime'
      - '@swc/core'
      - supports-color
      - typescript

  tslib@2.8.1:
    optional: true

  type-fest@4.38.0: {}

  typescript@5.8.2: {}

  unconfig@7.3.1:
    dependencies:
      '@quansync/fs': 0.1.1
      defu: 6.1.4
      jiti: 2.4.2
      quansync: 0.2.10

  undici-types@6.20.0: {}

  unplugin-isolated-decl@0.13.5(typescript@5.8.2):
    dependencies:
      debug: 4.4.0
      magic-string: 0.30.17
      oxc-parser: 0.61.2
      oxc-transform: 0.61.2
      unplugin: 2.2.2
      unplugin-utils: 0.2.4
    optionalDependencies:
      typescript: 5.8.2
    transitivePeerDependencies:
      - supports-color

  unplugin-utils@0.2.4:
    dependencies:
      pathe: 2.0.3
      picomatch: 4.0.2

  unplugin@2.2.2:
    dependencies:
      acorn: 8.14.1
      webpack-virtual-modules: 0.6.2

  valibot@1.0.0(typescript@5.8.2):
    optionalDependencies:
      typescript: 5.8.2

  webpack-virtual-modules@0.6.2: {}
